id: rxprocessing_ecological_pktdetect
label: pktdetect
category: '[rxprocessing_ecological]'

templates:
  imports: from gnuradio import rxprocessing_ecological
  make: rxprocessing_ecological.pktdetect(${threshold}, ${window_len}, ${preamble}, ${verbose})

parameters:
- id: threshold
  label: Detection Threshold
  dtype: float
  default: 0.5

- id: window_len
  label: Correlation Window Length
  dtype: int
  default: 64

- id: preamble
  label: Preamble Sequence (comma-separated)
  dtype: float_vector
  default: [1.0, 1.0, 1.0, 1.0, 1.0, -1.0, -1.0, 1.0, 1.0, -1.0, 1.0, -1.0, 1.0]  # Barker 13

- id: verbose
  label: Verbose Output
  dtype: bool
  default: False

inputs:
- label: Float Input
  dtype: float

outputs:
- label: Matched Output
  dtype: float

file_format: 1
